
Microsoft Visual Studio Solution File, Format Version 12.00
# Visual Studio Version 17
VisualStudioVersion = 17.6.33723.286
MinimumVisualStudioVersion = 10.0.40219.1
Project("{FAE04EC0-301F-11D3-BF4B-00C04F79EFBC}") = "ApiAlunos", "ApiAlunos\ApiAlunos.csproj", "{83A3E564-C8EA-4F91-9C2F-B02911BFAF42}"
EndProject
Global
	GlobalSection(SolutionConfigurationPlatforms) = preSolution
		Debug|Any CPU = Debug|Any CPU
		Release|Any CPU = Release|Any CPU
	EndGlobalSection
	GlobalSection(ProjectConfigurationPlatforms) = postSolution
		{83A3E564-C8EA-4F91-9C2F-B02911BFAF42}.Debug|Any CPU.ActiveCfg = Debug|Any CPU
		{83A3E564-C8EA-4F91-9C2F-B02911BFAF42}.Debug|Any CPU.Build.0 = Debug|Any CPU
		{83A3E564-C8EA-4F91-9C2F-B02911BFAF42}.Release|Any CPU.ActiveCfg = Release|Any CPU
		{83A3E564-C8EA-4F91-9C2F-B02911BFAF42}.Release|Any CPU.Build.0 = Release|Any CPU
	EndGlobalSection
	GlobalSection(SolutionProperties) = preSolution
		HideSolutionNode = FALSE
	EndGlobalSection
	GlobalSection(ExtensibilityGlobals) = postSolution
		SolutionGuid = {F96629D9-450E-4501-BD3B-1E2E65B0614F}
	EndGlobalSection
EndGlobal
